
Microsoft Visual Studio Solution File, Format Version 12.00
# Visual Studio 15
VisualStudioVersion = 15.0.27130.2020
MinimumVisualStudioVersion = 10.0.40219.1
Project("{8BC9CEB8-8B4A-11D0-8D11-00A0C91BC942}") = "stat_site_gen", "stat_site_gen.vcxproj", "{7676C14D-75CD-432B-A90D-72965EF8B7B4}"
EndProject
Project("{8BC9CEB8-8B4A-11D0-8D11-00A0C91BC942}") = "MarcdownHandler", "..\MarcdownHandler\MarcdownHandler.vcxproj", "{870D1EE0-5B56-4E7B-AB85-ECE75B145E9D}"
EndProject
Global
	GlobalSection(SolutionConfigurationPlatforms) = preSolution
		Debug|x64 = Debug|x64
		Debug|x86 = Debug|x86
		Release|x64 = Release|x64
		Release|x86 = Release|x86
	EndGlobalSection
	GlobalSection(ProjectConfigurationPlatforms) = postSolution
		{7676C14D-75CD-432B-A90D-72965EF8B7B4}.Debug|x64.ActiveCfg = Debug|x64
		{7676C14D-75CD-432B-A90D-72965EF8B7B4}.Debug|x64.Build.0 = Debug|x64
		{7676C14D-75CD-432B-A90D-72965EF8B7B4}.Debug|x86.ActiveCfg = Debug|Win32
		{7676C14D-75CD-432B-A90D-72965EF8B7B4}.Debug|x86.Build.0 = Debug|Win32
		{7676C14D-75CD-432B-A90D-72965EF8B7B4}.Release|x64.ActiveCfg = Release|x64
		{7676C14D-75CD-432B-A90D-72965EF8B7B4}.Release|x64.Build.0 = Release|x64
		{7676C14D-75CD-432B-A90D-72965EF8B7B4}.Release|x86.ActiveCfg = Release|Win32
		{7676C14D-75CD-432B-A90D-72965EF8B7B4}.Release|x86.Build.0 = Release|Win32
		{870D1EE0-5B56-4E7B-AB85-ECE75B145E9D}.Debug|x64.ActiveCfg = Debug|x64
		{870D1EE0-5B56-4E7B-AB85-ECE75B145E9D}.Debug|x64.Build.0 = Debug|x64
		{870D1EE0-5B56-4E7B-AB85-ECE75B145E9D}.Debug|x86.ActiveCfg = Debug|Win32
		{870D1EE0-5B56-4E7B-AB85-ECE75B145E9D}.Debug|x86.Build.0 = Debug|Win32
		{870D1EE0-5B56-4E7B-AB85-ECE75B145E9D}.Release|x64.ActiveCfg = Release|x64
		{870D1EE0-5B56-4E7B-AB85-ECE75B145E9D}.Release|x64.Build.0 = Release|x64
		{870D1EE0-5B56-4E7B-AB85-ECE75B145E9D}.Release|x86.ActiveCfg = Release|Win32
		{870D1EE0-5B56-4E7B-AB85-ECE75B145E9D}.Release|x86.Build.0 = Release|Win32
	EndGlobalSection
	GlobalSection(SolutionProperties) = preSolution
		HideSolutionNode = FALSE
	EndGlobalSection
	GlobalSection(ExtensibilityGlobals) = postSolution
		SolutionGuid = {BDE27CEB-18CC-4032-B7F0-31BA50449D3F}
	EndGlobalSection
EndGlobal
